
Microsoft Visual Studio Solution File, Format Version 12.00
# Visual Studio Version 17
VisualStudioVersion = 17.5.33530.505
MinimumVisualStudioVersion = 10.0.40219.1
Project("{FAE04EC0-301F-11D3-BF4B-00C04F79EFBC}") = "lab_10_2", "lab_10_2.csproj", "{DB5A9536-3EE0-44C1-9366-13F9D12BE67C}"
EndProject
Global
	GlobalSection(SolutionConfigurationPlatforms) = preSolution
		Debug|Any CPU = Debug|Any CPU
		Release|Any CPU = Release|Any CPU
	EndGlobalSection
	GlobalSection(ProjectConfigurationPlatforms) = postSolution
		{DB5A9536-3EE0-44C1-9366-13F9D12BE67C}.Debug|Any CPU.ActiveCfg = Debug|Any CPU
		{DB5A9536-3EE0-44C1-9366-13F9D12BE67C}.Debug|Any CPU.Build.0 = Debug|Any CPU
		{DB5A9536-3EE0-44C1-9366-13F9D12BE67C}.Release|Any CPU.ActiveCfg = Release|Any CPU
		{DB5A9536-3EE0-44C1-9366-13F9D12BE67C}.Release|Any CPU.Build.0 = Release|Any CPU
	EndGlobalSection
	GlobalSection(SolutionProperties) = preSolution
		HideSolutionNode = FALSE
	EndGlobalSection
	GlobalSection(ExtensibilityGlobals) = postSolution
		SolutionGuid = {BA47D413-F735-4C30-B44B-88EEA6C9B7FF}
	EndGlobalSection
EndGlobal
